
Microsoft Visual Studio Solution File, Format Version 12.00
# Visual Studio Version 16
VisualStudioVersion = 16.0.30711.63
MinimumVisualStudioVersion = 15.0.26124.0
Project("{9A19103F-16F7-4668-BE54-9A1E7A4F7556}") = "Base32768", "Base32768\Base32768.csproj", "{9ACA77FD-CA18-49A8-92E1-1843D2175ACD}"
EndProject
Project("{9A19103F-16F7-4668-BE54-9A1E7A4F7556}") = "Base32768.Test", "Base32768.Test\Base32768.Test.csproj", "{1CD1D772-8E8B-4710-A5EA-A9053B5328F4}"
EndProject
Project("{9A19103F-16F7-4668-BE54-9A1E7A4F7556}") = "Base32768.Benchmark", "Base32768.Benchmark\Base32768.Benchmark.csproj", "{78E8228B-8B87-42FB-BE95-93F295CE76D7}"
EndProject
Project("{2150E333-8FDC-42A3-9474-1A3956D46DE8}") = "Solution Items", "Solution Items", "{640727FD-50D8-46FD-9B5A-09A85897B5D2}"
	ProjectSection(SolutionItems) = preProject
		CHANGELOG.md = CHANGELOG.md
		README.md = README.md
	EndProjectSection
EndProject
Global
	GlobalSection(SolutionConfigurationPlatforms) = preSolution
		Debug|Any CPU = Debug|Any CPU
		Debug|x64 = Debug|x64
		Debug|x86 = Debug|x86
		Release|Any CPU = Release|Any CPU
		Release|x64 = Release|x64
		Release|x86 = Release|x86
	EndGlobalSection
	GlobalSection(ProjectConfigurationPlatforms) = postSolution
		{9ACA77FD-CA18-49A8-92E1-1843D2175ACD}.Debug|Any CPU.ActiveCfg = Debug|Any CPU
		{9ACA77FD-CA18-49A8-92E1-1843D2175ACD}.Debug|Any CPU.Build.0 = Debug|Any CPU
		{9ACA77FD-CA18-49A8-92E1-1843D2175ACD}.Debug|x64.ActiveCfg = Debug|Any CPU
		{9ACA77FD-CA18-49A8-92E1-1843D2175ACD}.Debug|x64.Build.0 = Debug|Any CPU
		{9ACA77FD-CA18-49A8-92E1-1843D2175ACD}.Debug|x86.ActiveCfg = Debug|Any CPU
		{9ACA77FD-CA18-49A8-92E1-1843D2175ACD}.Debug|x86.Build.0 = Debug|Any CPU
		{9ACA77FD-CA18-49A8-92E1-1843D2175ACD}.Release|Any CPU.ActiveCfg = Release|Any CPU
		{9ACA77FD-CA18-49A8-92E1-1843D2175ACD}.Release|Any CPU.Build.0 = Release|Any CPU
		{9ACA77FD-CA18-49A8-92E1-1843D2175ACD}.Release|x64.ActiveCfg = Release|Any CPU
		{9ACA77FD-CA18-49A8-92E1-1843D2175ACD}.Release|x64.Build.0 = Release|Any CPU
		{9ACA77FD-CA18-49A8-92E1-1843D2175ACD}.Release|x86.ActiveCfg = Release|Any CPU
		{9ACA77FD-CA18-49A8-92E1-1843D2175ACD}.Release|x86.Build.0 = Release|Any CPU
		{1CD1D772-8E8B-4710-A5EA-A9053B5328F4}.Debug|Any CPU.ActiveCfg = Debug|Any CPU
		{1CD1D772-8E8B-4710-A5EA-A9053B5328F4}.Debug|Any CPU.Build.0 = Debug|Any CPU
		{1CD1D772-8E8B-4710-A5EA-A9053B5328F4}.Debug|x64.ActiveCfg = Debug|Any CPU
		{1CD1D772-8E8B-4710-A5EA-A9053B5328F4}.Debug|x64.Build.0 = Debug|Any CPU
		{1CD1D772-8E8B-4710-A5EA-A9053B5328F4}.Debug|x86.ActiveCfg = Debug|Any CPU
		{1CD1D772-8E8B-4710-A5EA-A9053B5328F4}.Debug|x86.Build.0 = Debug|Any CPU
		{1CD1D772-8E8B-4710-A5EA-A9053B5328F4}.Release|Any CPU.ActiveCfg = Release|Any CPU
		{1CD1D772-8E8B-4710-A5EA-A9053B5328F4}.Release|Any CPU.Build.0 = Release|Any CPU
		{1CD1D772-8E8B-4710-A5EA-A9053B5328F4}.Release|x64.ActiveCfg = Release|Any CPU
		{1CD1D772-8E8B-4710-A5EA-A9053B5328F4}.Release|x64.Build.0 = Release|Any CPU
		{1CD1D772-8E8B-4710-A5EA-A9053B5328F4}.Release|x86.ActiveCfg = Release|Any CPU
		{1CD1D772-8E8B-4710-A5EA-A9053B5328F4}.Release|x86.Build.0 = Release|Any CPU
		{78E8228B-8B87-42FB-BE95-93F295CE76D7}.Debug|Any CPU.ActiveCfg = Debug|Any CPU
		{78E8228B-8B87-42FB-BE95-93F295CE76D7}.Debug|Any CPU.Build.0 = Debug|Any CPU
		{78E8228B-8B87-42FB-BE95-93F295CE76D7}.Debug|x64.ActiveCfg = Debug|Any CPU
		{78E8228B-8B87-42FB-BE95-93F295CE76D7}.Debug|x64.Build.0 = Debug|Any CPU
		{78E8228B-8B87-42FB-BE95-93F295CE76D7}.Debug|x86.ActiveCfg = Debug|Any CPU
		{78E8228B-8B87-42FB-BE95-93F295CE76D7}.Debug|x86.Build.0 = Debug|Any CPU
		{78E8228B-8B87-42FB-BE95-93F295CE76D7}.Release|Any CPU.ActiveCfg = Release|Any CPU
		{78E8228B-8B87-42FB-BE95-93F295CE76D7}.Release|Any CPU.Build.0 = Release|Any CPU
		{78E8228B-8B87-42FB-BE95-93F295CE76D7}.Release|x64.ActiveCfg = Release|Any CPU
		{78E8228B-8B87-42FB-BE95-93F295CE76D7}.Release|x64.Build.0 = Release|Any CPU
		{78E8228B-8B87-42FB-BE95-93F295CE76D7}.Release|x86.ActiveCfg = Release|Any CPU
		{78E8228B-8B87-42FB-BE95-93F295CE76D7}.Release|x86.Build.0 = Release|Any CPU
	EndGlobalSection
	GlobalSection(SolutionProperties) = preSolution
		HideSolutionNode = FALSE
	EndGlobalSection
	GlobalSection(ExtensibilityGlobals) = postSolution
		SolutionGuid = {6B8932E5-3B60-4EF1-8068-8C709DF65CE2}
	EndGlobalSection
EndGlobal
