
Microsoft Visual Studio Solution File, Format Version 12.00
# Visual Studio Version 17
VisualStudioVersion = 17.0.31903.59
MinimumVisualStudioVersion = 10.0.40219.1
Project("{9A19103F-16F7-4668-BE54-9A1E7A4F7556}") = "WebAssemblySample", "WebAssemblySample\WebAssemblySample.csproj", "{3F377AF5-6053-43A8-97B5-ADC27FA122DD}"
EndProject
Global
	GlobalSection(SolutionConfigurationPlatforms) = preSolution
		Debug|Any CPU = Debug|Any CPU
		Release|Any CPU = Release|Any CPU
	EndGlobalSection
	GlobalSection(ProjectConfigurationPlatforms) = postSolution
		{3F377AF5-6053-43A8-97B5-ADC27FA122DD}.Debug|Any CPU.ActiveCfg = Debug|Any CPU
		{3F377AF5-6053-43A8-97B5-ADC27FA122DD}.Debug|Any CPU.Build.0 = Debug|Any CPU
		{3F377AF5-6053-43A8-97B5-ADC27FA122DD}.Release|Any CPU.ActiveCfg = Release|Any CPU
		{3F377AF5-6053-43A8-97B5-ADC27FA122DD}.Release|Any CPU.Build.0 = Release|Any CPU
	EndGlobalSection
	GlobalSection(SolutionProperties) = preSolution
		HideSolutionNode = FALSE
	EndGlobalSection
	GlobalSection(ExtensibilityGlobals) = postSolution
		SolutionGuid = {74AC3288-D779-48CE-8885-CE6922B6D5C4}
	EndGlobalSection
EndGlobal
